# This file is automatically @generated by Cargo.
# It is not intended for manual editing.
version = 4

[[package]]
name = "okf-cli"
version = "0.1.0"
dependencies = [
 "okf-cli-adapter",
 "okf-crdt-sync",
 "okf-embed-local",
 "okf-fs-bundle",
 "okf-git-attest",
 "okf-mcp-adapter",
 "okf-sqlite-index",
 "okf-usecases",
 "okf-yaml-serde",
]

[[package]]
name = "okf-cli-adapter"
version = "0.1.0"
dependencies = [
 "okf-ports",
]

[[package]]
name = "okf-crdt-sync"
version = "0.1.0"
dependencies = [
 "okf-ports",
]

[[package]]
name = "okf-domain"
version = "0.1.0"

[[package]]
name = "okf-embed-local"
version = "0.1.0"
dependencies = [
 "okf-ports",
]

[[package]]
name = "okf-fs-bundle"
version = "0.1.0"
dependencies = [
 "okf-ports",
]

[[package]]
name = "okf-git-attest"
version = "0.1.0"
dependencies = [
 "okf-ports",
]

[[package]]
name = "okf-mcp-adapter"
version = "0.1.0"
dependencies = [
 "okf-ports",
]

[[package]]
name = "okf-ports"
version = "0.1.0"
dependencies = [
 "okf-domain",
]

[[package]]
name = "okf-sqlite-index"
version = "0.1.0"
dependencies = [
 "okf-ports",
]

[[package]]
name = "okf-usecases"
version = "0.1.0"
dependencies = [
 "okf-domain",
 "okf-ports",
]

[[package]]
name = "okf-yaml-serde"
version = "0.1.0"
dependencies = [
 "okf-ports",
]
